
Microsoft Visual Studio Solution File, Format Version 12.00
# Visual Studio Version 17
VisualStudioVersion = 17.5.33414.496
MinimumVisualStudioVersion = 10.0.40219.1
Project("{FAE04EC0-301F-11D3-BF4B-00C04F79EFBC}") = "15_uzd", "15_uzd\15_uzd.csproj", "{64AB6BF9-C963-4308-99DA-AB2A5E2C444C}"
EndProject
Global
	GlobalSection(SolutionConfigurationPlatforms) = preSolution
		Debug|Any CPU = Debug|Any CPU
		Release|Any CPU = Release|Any CPU
	EndGlobalSection
	GlobalSection(ProjectConfigurationPlatforms) = postSolution
		{64AB6BF9-C963-4308-99DA-AB2A5E2C444C}.Debug|Any CPU.ActiveCfg = Debug|Any CPU
		{64AB6BF9-C963-4308-99DA-AB2A5E2C444C}.Debug|Any CPU.Build.0 = Debug|Any CPU
		{64AB6BF9-C963-4308-99DA-AB2A5E2C444C}.Release|Any CPU.ActiveCfg = Release|Any CPU
		{64AB6BF9-C963-4308-99DA-AB2A5E2C444C}.Release|Any CPU.Build.0 = Release|Any CPU
	EndGlobalSection
	GlobalSection(SolutionProperties) = preSolution
		HideSolutionNode = FALSE
	EndGlobalSection
	GlobalSection(ExtensibilityGlobals) = postSolution
		SolutionGuid = {44099F62-5D19-4E87-B115-C0B811A598BF}
	EndGlobalSection
EndGlobal
